
Microsoft Visual Studio Solution File, Format Version 12.00
# Visual Studio Version 17
VisualStudioVersion = 17.14.36212.18 d17.14
MinimumVisualStudioVersion = 10.0.40219.1
Project("{FAE04EC0-301F-11D3-BF4B-00C04F79EFBC}") = "Documents-OCR-back", "Documents-OCR-back\Documents-OCR-back.csproj", "{F2296F7C-D3E8-4048-9850-773076D49BB8}"
EndProject
Global
	GlobalSection(SolutionConfigurationPlatforms) = preSolution
		Debug|Any CPU = Debug|Any CPU
		Release|Any CPU = Release|Any CPU
	EndGlobalSection
	GlobalSection(ProjectConfigurationPlatforms) = postSolution
		{F2296F7C-D3E8-4048-9850-773076D49BB8}.Debug|Any CPU.ActiveCfg = Debug|Any CPU
		{F2296F7C-D3E8-4048-9850-773076D49BB8}.Debug|Any CPU.Build.0 = Debug|Any CPU
		{F2296F7C-D3E8-4048-9850-773076D49BB8}.Release|Any CPU.ActiveCfg = Release|Any CPU
		{F2296F7C-D3E8-4048-9850-773076D49BB8}.Release|Any CPU.Build.0 = Release|Any CPU
	EndGlobalSection
	GlobalSection(SolutionProperties) = preSolution
		HideSolutionNode = FALSE
	EndGlobalSection
	GlobalSection(ExtensibilityGlobals) = postSolution
		SolutionGuid = {67CF6F78-54BF-4A25-B92C-F9FBC9F74531}
	EndGlobalSection
EndGlobal
